hash: 2f31dd2063523ecafd2e2e5bfe6ff90cb1d06dbdce923ba5ffd7883bcedbc024
updated: 2016-05-22T10:20:58.189989088-07:00
imports:
- name: github.com/gorilla/context
  version: a8d44e7d8e4d532b6a27a02dd82abb31cc1b01bd
- name: github.com/gorilla/mux
  version: 9c19ed558d5df4da88e2ade9c8940d742aef0e7e
devImports: []
